
Microsoft Visual Studio Solution File, Format Version 12.00
# Visual Studio Version 17
VisualStudioVersion = 17.9.34714.143
MinimumVisualStudioVersion = 10.0.40219.1
Project("{FAE04EC0-301F-11D3-BF4B-00C04F79EFBC}") = "AMS", "AMS\AMS.csproj", "{93024B06-5A61-4667-8CF6-C83CCF938B39}"
EndProject
Project("{FAE04EC0-301F-11D3-BF4B-00C04F79EFBC}") = "BLL", "BLL\BLL.csproj", "{4B6D3216-5906-4649-9314-941071ED49B4}"
EndProject
Project("{FAE04EC0-301F-11D3-BF4B-00C04F79EFBC}") = "DAL", "DAL\DAL.csproj", "{B53EA3F1-11C8-4F41-B9E0-2C3D79235D12}"
EndProject
Project("{2150E333-8FDC-42A3-9474-1A3956D46DE8}") = "Solution Items", "Solution Items", "{61FD21E7-C97C-46F8-8868-491BF7FC9D46}"
	ProjectSection(SolutionItems) = preProject
		.editorconfig = .editorconfig
	EndProjectSection
EndProject
Global
	GlobalSection(SolutionConfigurationPlatforms) = preSolution
		Debug|Any CPU = Debug|Any CPU
		Release|Any CPU = Release|Any CPU
	EndGlobalSection
	GlobalSection(ProjectConfigurationPlatforms) = postSolution
		{93024B06-5A61-4667-8CF6-C83CCF938B39}.Debug|Any CPU.ActiveCfg = Debug|Any CPU
		{93024B06-5A61-4667-8CF6-C83CCF938B39}.Debug|Any CPU.Build.0 = Debug|Any CPU
		{93024B06-5A61-4667-8CF6-C83CCF938B39}.Release|Any CPU.ActiveCfg = Release|Any CPU
		{93024B06-5A61-4667-8CF6-C83CCF938B39}.Release|Any CPU.Build.0 = Release|Any CPU
		{4B6D3216-5906-4649-9314-941071ED49B4}.Debug|Any CPU.ActiveCfg = Debug|Any CPU
		{4B6D3216-5906-4649-9314-941071ED49B4}.Debug|Any CPU.Build.0 = Debug|Any CPU
		{4B6D3216-5906-4649-9314-941071ED49B4}.Release|Any CPU.ActiveCfg = Release|Any CPU
		{4B6D3216-5906-4649-9314-941071ED49B4}.Release|Any CPU.Build.0 = Release|Any CPU
		{B53EA3F1-11C8-4F41-B9E0-2C3D79235D12}.Debug|Any CPU.ActiveCfg = Debug|Any CPU
		{B53EA3F1-11C8-4F41-B9E0-2C3D79235D12}.Debug|Any CPU.Build.0 = Debug|Any CPU
		{B53EA3F1-11C8-4F41-B9E0-2C3D79235D12}.Release|Any CPU.ActiveCfg = Release|Any CPU
		{B53EA3F1-11C8-4F41-B9E0-2C3D79235D12}.Release|Any CPU.Build.0 = Release|Any CPU
	EndGlobalSection
	GlobalSection(SolutionProperties) = preSolution
		HideSolutionNode = FALSE
	EndGlobalSection
	GlobalSection(ExtensibilityGlobals) = postSolution
		SolutionGuid = {3B9F3287-CC24-4668-B897-605638687BB3}
	EndGlobalSection
EndGlobal
