
Microsoft Visual Studio Solution File, Format Version 12.00
# Visual Studio Version 17
VisualStudioVersion = 17.9.34714.143
MinimumVisualStudioVersion = 10.0.40219.1
Project("{FAE04EC0-301F-11D3-BF4B-00C04F79EFBC}") = "BusinessLogicLayer", "BusinessLogicLayer\BusinessLogicLayer.csproj", "{EDBF4E15-DF7C-4E7D-88E2-31B249AAE3F8}"
EndProject
Project("{FAE04EC0-301F-11D3-BF4B-00C04F79EFBC}") = "DataAccessLayer", "DataAccessLayer\DataAccessLayer.csproj", "{30A837E2-78BE-4559-8657-0CA45F61CECE}"
EndProject
Project("{FAE04EC0-301F-11D3-BF4B-00C04F79EFBC}") = "Attendance-Management-System", "Attendance-Management-System\Attendance-Management-System.csproj", "{CB426B4E-441E-4891-820B-DFDCD7251669}"
EndProject
Global
	GlobalSection(SolutionConfigurationPlatforms) = preSolution
		Debug|Any CPU = Debug|Any CPU
		Release|Any CPU = Release|Any CPU
	EndGlobalSection
	GlobalSection(ProjectConfigurationPlatforms) = postSolution
		{EDBF4E15-DF7C-4E7D-88E2-31B249AAE3F8}.Debug|Any CPU.ActiveCfg = Debug|Any CPU
		{EDBF4E15-DF7C-4E7D-88E2-31B249AAE3F8}.Debug|Any CPU.Build.0 = Debug|Any CPU
		{EDBF4E15-DF7C-4E7D-88E2-31B249AAE3F8}.Release|Any CPU.ActiveCfg = Release|Any CPU
		{EDBF4E15-DF7C-4E7D-88E2-31B249AAE3F8}.Release|Any CPU.Build.0 = Release|Any CPU
		{30A837E2-78BE-4559-8657-0CA45F61CECE}.Debug|Any CPU.ActiveCfg = Debug|Any CPU
		{30A837E2-78BE-4559-8657-0CA45F61CECE}.Debug|Any CPU.Build.0 = Debug|Any CPU
		{30A837E2-78BE-4559-8657-0CA45F61CECE}.Release|Any CPU.ActiveCfg = Release|Any CPU
		{30A837E2-78BE-4559-8657-0CA45F61CECE}.Release|Any CPU.Build.0 = Release|Any CPU
		{CB426B4E-441E-4891-820B-DFDCD7251669}.Debug|Any CPU.ActiveCfg = Debug|Any CPU
		{CB426B4E-441E-4891-820B-DFDCD7251669}.Debug|Any CPU.Build.0 = Debug|Any CPU
		{CB426B4E-441E-4891-820B-DFDCD7251669}.Release|Any CPU.ActiveCfg = Release|Any CPU
		{CB426B4E-441E-4891-820B-DFDCD7251669}.Release|Any CPU.Build.0 = Release|Any CPU
	EndGlobalSection
	GlobalSection(SolutionProperties) = preSolution
		HideSolutionNode = FALSE
	EndGlobalSection
	GlobalSection(ExtensibilityGlobals) = postSolution
		SolutionGuid = {69385832-1E39-4EBE-901F-362665CE472B}
	EndGlobalSection
EndGlobal
